<Solution>
  <Folder Name="/benchmarks/">
    <Project Path="benchmarks/Argon2id.PasswordHasher.Benchmarks/Argon2id.PasswordHasher.Benchmarks.csproj" />
  </Folder>
  <Folder Name="/fuzz/">
    <Project Path="fuzz/Argon2id.PasswordHasher.Fuzz/Argon2id.PasswordHasher.Fuzz.csproj" />
  </Folder>
  <Folder Name="/tools/">
    <Project Path="tools/Argon2id.PasswordHasher.Calibration/Argon2id.PasswordHasher.Calibration.csproj" />
  </Folder>
  <Folder Name="/samples/">
    <Project Path="samples/Argon2id.PasswordHasher.AotSmokeTest/Argon2id.PasswordHasher.AotSmokeTest.csproj" />
    <Project Path="samples/Argon2id.PasswordHasher.Demo/Argon2id.PasswordHasher.Demo.csproj" />
    <Project Path="samples/Argon2id.PasswordHasher.WasmDemo/Argon2id.PasswordHasher.WasmDemo.csproj" />
  </Folder>
  <Folder Name="/src/">
    <Project Path="src/Argon2id.PasswordHasher.AspNetCore/Argon2id.PasswordHasher.AspNetCore.csproj" />
    <Project Path="src/Argon2id.PasswordHasher/Argon2id.PasswordHasher.csproj" />
  </Folder>
  <Folder Name="/tests/">
    <Project Path="tests/Argon2id.PasswordHasher.AspNetCore.Tests/Argon2id.PasswordHasher.AspNetCore.Tests.csproj" />
    <Project Path="tests/Argon2id.PasswordHasher.Tests/Argon2id.PasswordHasher.Tests.csproj" />
  </Folder>
</Solution>
